
Microsoft Visual Studio Solution File, Format Version 12.00
# Visual Studio 15
VisualStudioVersion = 15.0.28307.1684
MinimumVisualStudioVersion = 10.0.40219.1
Project("{FAE04EC0-301F-11D3-BF4B-00C04F79EFBC}") = "EPMS", "EPMS\EPMS.csproj", "{83C4B50E-DC77-410F-8D79-CDC583971C5B}"
EndProject
Global
	GlobalSection(SolutionConfigurationPlatforms) = preSolution
		Debug|Any CPU = Debug|Any CPU
		Release|Any CPU = Release|Any CPU
	EndGlobalSection
	GlobalSection(ProjectConfigurationPlatforms) = postSolution
		{83C4B50E-DC77-410F-8D79-CDC583971C5B}.Debug|Any CPU.ActiveCfg = Debug|Any CPU
		{83C4B50E-DC77-410F-8D79-CDC583971C5B}.Debug|Any CPU.Build.0 = Debug|Any CPU
		{83C4B50E-DC77-410F-8D79-CDC583971C5B}.Release|Any CPU.ActiveCfg = Release|Any CPU
		{83C4B50E-DC77-410F-8D79-CDC583971C5B}.Release|Any CPU.Build.0 = Release|Any CPU
	EndGlobalSection
	GlobalSection(SolutionProperties) = preSolution
		HideSolutionNode = FALSE
	EndGlobalSection
	GlobalSection(ExtensibilityGlobals) = postSolution
		SolutionGuid = {DADEE936-397D-4551-AE1C-14AAA9694908}
	EndGlobalSection
EndGlobal
